
Microsoft Visual Studio Solution File, Format Version 12.00
# Visual Studio 14
VisualStudioVersion = 14.0.25420.1
MinimumVisualStudioVersion = 10.0.40219.1
Project("{8BC9CEB8-8B4A-11D0-8D11-00A0C91BC942}") = "KTL", "..\Ring0\KTL\KTL.vcxproj", "{C740164F-02EF-4DF7-BEA2-3042FD9823EC}"
EndProject
Project("{8BC9CEB8-8B4A-11D0-8D11-00A0C91BC942}") = "MiniFlt", "..\Ring0\MiniFlt\MiniFlt.vcxproj", "{D4C53D20-6CE0-4D61-A3C9-7611DF5BE86C}"
EndProject
Project("{2150E333-8FDC-42A3-9474-1A3956D46DE8}") = "Ring0", "Ring0", "{8977ACD6-1A78-49CF-A6F2-78802DED85D8}"
EndProject
Project("{2150E333-8FDC-42A3-9474-1A3956D46DE8}") = "Ring3", "Ring3", "{CB3E6D17-BEA2-40E0-B92F-EB9612FD7C99}"
EndProject
Project("{2150E333-8FDC-42A3-9474-1A3956D46DE8}") = "Include", "Include", "{6900FBAC-17E6-4AC2-AA96-A653C41154D7}"
	ProjectSection(SolutionItems) = preProject
		..\Include\MBox.Images.PE.h = ..\Include\MBox.Images.PE.h
		..\Include\MBox.Memory.Information.h = ..\Include\MBox.Memory.Information.h
		..\Include\Mbox.Module.Loader.h = ..\Include\Mbox.Module.Loader.h
		..\Include\MBox.Network.Socket.h = ..\Include\MBox.Network.Socket.h
		..\Include\MBox.System.Information.h = ..\Include\MBox.System.Information.h
		..\Include\MBox.System.Version.h = ..\Include\MBox.System.Version.h
	EndProjectSection
EndProject
Project("{8BC9CEB8-8B4A-11D0-8D11-00A0C91BC942}") = "UnitTest.Ring0", "..\Ring0\UnitTest.Ring0\UnitTest.Ring0.vcxproj", "{B31E2FCC-6BB3-449E-956C-770F757A4EE4}"
EndProject
Project("{8BC9CEB8-8B4A-11D0-8D11-00A0C91BC942}") = "KBasic", "..\Ring0\KBasic\KBasic.vcxproj", "{35303652-ECBE-4ED7-AE08-514922BAE276}"
EndProject
Project("{8BC9CEB8-8B4A-11D0-8D11-00A0C91BC942}") = "NdisFlt", "..\Ring0\NdisFlt\NdisFlt.vcxproj", "{7CD2A2C1-22CA-4DA5-9B5D-F1A8A5AAA24D}"
EndProject
Project("{8BC9CEB8-8B4A-11D0-8D11-00A0C91BC942}") = "WFPFlt", "..\Ring0\WFPFlt\WFPFlt.vcxproj", "{B58318B9-1D12-40BF-A1A4-E08130A6980F}"
EndProject
Project("{8BC9CEB8-8B4A-11D0-8D11-00A0C91BC942}") = "ShimsApi", "..\Ring0\ShimsApi\ShimsApi.vcxproj", "{87DF4236-0C42-4B2A-9B1C-B8120A01A76B}"
EndProject
Global
	GlobalSection(SolutionConfigurationPlatforms) = preSolution
		Debug|x64 = Debug|x64
		Debug|x86 = Debug|x86
		Release|x64 = Release|x64
		Release|x86 = Release|x86
	EndGlobalSection
	GlobalSection(ProjectConfigurationPlatforms) = postSolution
		{C740164F-02EF-4DF7-BEA2-3042FD9823EC}.Debug|x64.ActiveCfg = Debug|x64
		{C740164F-02EF-4DF7-BEA2-3042FD9823EC}.Debug|x64.Build.0 = Debug|x64
		{C740164F-02EF-4DF7-BEA2-3042FD9823EC}.Debug|x64.Deploy.0 = Debug|x64
		{C740164F-02EF-4DF7-BEA2-3042FD9823EC}.Debug|x86.ActiveCfg = Debug|Win32
		{C740164F-02EF-4DF7-BEA2-3042FD9823EC}.Debug|x86.Build.0 = Debug|Win32
		{C740164F-02EF-4DF7-BEA2-3042FD9823EC}.Debug|x86.Deploy.0 = Debug|Win32
		{C740164F-02EF-4DF7-BEA2-3042FD9823EC}.Release|x64.ActiveCfg = Release|x64
		{C740164F-02EF-4DF7-BEA2-3042FD9823EC}.Release|x64.Build.0 = Release|x64
		{C740164F-02EF-4DF7-BEA2-3042FD9823EC}.Release|x64.Deploy.0 = Release|x64
		{C740164F-02EF-4DF7-BEA2-3042FD9823EC}.Release|x86.ActiveCfg = Release|Win32
		{C740164F-02EF-4DF7-BEA2-3042FD9823EC}.Release|x86.Build.0 = Release|Win32
		{C740164F-02EF-4DF7-BEA2-3042FD9823EC}.Release|x86.Deploy.0 = Release|Win32
		{D4C53D20-6CE0-4D61-A3C9-7611DF5BE86C}.Debug|x64.ActiveCfg = Debug|x64
		{D4C53D20-6CE0-4D61-A3C9-7611DF5BE86C}.Debug|x64.Build.0 = Debug|x64
		{D4C53D20-6CE0-4D61-A3C9-7611DF5BE86C}.Debug|x64.Deploy.0 = Debug|x64
		{D4C53D20-6CE0-4D61-A3C9-7611DF5BE86C}.Debug|x86.ActiveCfg = Debug|Win32
		{D4C53D20-6CE0-4D61-A3C9-7611DF5BE86C}.Debug|x86.Build.0 = Debug|Win32
		{D4C53D20-6CE0-4D61-A3C9-7611DF5BE86C}.Debug|x86.Deploy.0 = Debug|Win32
		{D4C53D20-6CE0-4D61-A3C9-7611DF5BE86C}.Release|x64.ActiveCfg = Release|x64
		{D4C53D20-6CE0-4D61-A3C9-7611DF5BE86C}.Release|x64.Build.0 = Release|x64
		{D4C53D20-6CE0-4D61-A3C9-7611DF5BE86C}.Release|x64.Deploy.0 = Release|x64
		{D4C53D20-6CE0-4D61-A3C9-7611DF5BE86C}.Release|x86.ActiveCfg = Release|Win32
		{D4C53D20-6CE0-4D61-A3C9-7611DF5BE86C}.Release|x86.Build.0 = Release|Win32
		{D4C53D20-6CE0-4D61-A3C9-7611DF5BE86C}.Release|x86.Deploy.0 = Release|Win32
		{B31E2FCC-6BB3-449E-956C-770F757A4EE4}.Debug|x64.ActiveCfg = Debug|x64
		{B31E2FCC-6BB3-449E-956C-770F757A4EE4}.Debug|x64.Build.0 = Debug|x64
		{B31E2FCC-6BB3-449E-956C-770F757A4EE4}.Debug|x64.Deploy.0 = Debug|x64
		{B31E2FCC-6BB3-449E-956C-770F757A4EE4}.Debug|x86.ActiveCfg = Debug|Win32
		{B31E2FCC-6BB3-449E-956C-770F757A4EE4}.Debug|x86.Build.0 = Debug|Win32
		{B31E2FCC-6BB3-449E-956C-770F757A4EE4}.Debug|x86.Deploy.0 = Debug|Win32
		{B31E2FCC-6BB3-449E-956C-770F757A4EE4}.Release|x64.ActiveCfg = Release|x64
		{B31E2FCC-6BB3-449E-956C-770F757A4EE4}.Release|x64.Build.0 = Release|x64
		{B31E2FCC-6BB3-449E-956C-770F757A4EE4}.Release|x64.Deploy.0 = Release|x64
		{B31E2FCC-6BB3-449E-956C-770F757A4EE4}.Release|x86.ActiveCfg = Release|Win32
		{B31E2FCC-6BB3-449E-956C-770F757A4EE4}.Release|x86.Build.0 = Release|Win32
		{B31E2FCC-6BB3-449E-956C-770F757A4EE4}.Release|x86.Deploy.0 = Release|Win32
		{35303652-ECBE-4ED7-AE08-514922BAE276}.Debug|x64.ActiveCfg = Debug|x64
		{35303652-ECBE-4ED7-AE08-514922BAE276}.Debug|x64.Build.0 = Debug|x64
		{35303652-ECBE-4ED7-AE08-514922BAE276}.Debug|x64.Deploy.0 = Debug|x64
		{35303652-ECBE-4ED7-AE08-514922BAE276}.Debug|x86.ActiveCfg = Debug|Win32
		{35303652-ECBE-4ED7-AE08-514922BAE276}.Debug|x86.Build.0 = Debug|Win32
		{35303652-ECBE-4ED7-AE08-514922BAE276}.Debug|x86.Deploy.0 = Debug|Win32
		{35303652-ECBE-4ED7-AE08-514922BAE276}.Release|x64.ActiveCfg = Release|x64
		{35303652-ECBE-4ED7-AE08-514922BAE276}.Release|x64.Build.0 = Release|x64
		{35303652-ECBE-4ED7-AE08-514922BAE276}.Release|x64.Deploy.0 = Release|x64
		{35303652-ECBE-4ED7-AE08-514922BAE276}.Release|x86.ActiveCfg = Release|Win32
		{35303652-ECBE-4ED7-AE08-514922BAE276}.Release|x86.Build.0 = Release|Win32
		{35303652-ECBE-4ED7-AE08-514922BAE276}.Release|x86.Deploy.0 = Release|Win32
		{7CD2A2C1-22CA-4DA5-9B5D-F1A8A5AAA24D}.Debug|x64.ActiveCfg = Debug|x64
		{7CD2A2C1-22CA-4DA5-9B5D-F1A8A5AAA24D}.Debug|x64.Build.0 = Debug|x64
		{7CD2A2C1-22CA-4DA5-9B5D-F1A8A5AAA24D}.Debug|x64.Deploy.0 = Debug|x64
		{7CD2A2C1-22CA-4DA5-9B5D-F1A8A5AAA24D}.Debug|x86.ActiveCfg = Debug|Win32
		{7CD2A2C1-22CA-4DA5-9B5D-F1A8A5AAA24D}.Debug|x86.Build.0 = Debug|Win32
		{7CD2A2C1-22CA-4DA5-9B5D-F1A8A5AAA24D}.Debug|x86.Deploy.0 = Debug|Win32
		{7CD2A2C1-22CA-4DA5-9B5D-F1A8A5AAA24D}.Release|x64.ActiveCfg = Release|x64
		{7CD2A2C1-22CA-4DA5-9B5D-F1A8A5AAA24D}.Release|x64.Build.0 = Release|x64
		{7CD2A2C1-22CA-4DA5-9B5D-F1A8A5AAA24D}.Release|x64.Deploy.0 = Release|x64
		{7CD2A2C1-22CA-4DA5-9B5D-F1A8A5AAA24D}.Release|x86.ActiveCfg = Release|Win32
		{7CD2A2C1-22CA-4DA5-9B5D-F1A8A5AAA24D}.Release|x86.Build.0 = Release|Win32
		{7CD2A2C1-22CA-4DA5-9B5D-F1A8A5AAA24D}.Release|x86.Deploy.0 = Release|Win32
		{B58318B9-1D12-40BF-A1A4-E08130A6980F}.Debug|x64.ActiveCfg = Debug|x64
		{B58318B9-1D12-40BF-A1A4-E08130A6980F}.Debug|x64.Build.0 = Debug|x64
		{B58318B9-1D12-40BF-A1A4-E08130A6980F}.Debug|x64.Deploy.0 = Debug|x64
		{B58318B9-1D12-40BF-A1A4-E08130A6980F}.Debug|x86.ActiveCfg = Debug|Win32
		{B58318B9-1D12-40BF-A1A4-E08130A6980F}.Debug|x86.Build.0 = Debug|Win32
		{B58318B9-1D12-40BF-A1A4-E08130A6980F}.Debug|x86.Deploy.0 = Debug|Win32
		{B58318B9-1D12-40BF-A1A4-E08130A6980F}.Release|x64.ActiveCfg = Release|x64
		{B58318B9-1D12-40BF-A1A4-E08130A6980F}.Release|x64.Build.0 = Release|x64
		{B58318B9-1D12-40BF-A1A4-E08130A6980F}.Release|x64.Deploy.0 = Release|x64
		{B58318B9-1D12-40BF-A1A4-E08130A6980F}.Release|x86.ActiveCfg = Release|Win32
		{B58318B9-1D12-40BF-A1A4-E08130A6980F}.Release|x86.Build.0 = Release|Win32
		{B58318B9-1D12-40BF-A1A4-E08130A6980F}.Release|x86.Deploy.0 = Release|Win32
		{87DF4236-0C42-4B2A-9B1C-B8120A01A76B}.Debug|x64.ActiveCfg = Debug|x64
		{87DF4236-0C42-4B2A-9B1C-B8120A01A76B}.Debug|x64.Build.0 = Debug|x64
		{87DF4236-0C42-4B2A-9B1C-B8120A01A76B}.Debug|x64.Deploy.0 = Debug|x64
		{87DF4236-0C42-4B2A-9B1C-B8120A01A76B}.Debug|x86.ActiveCfg = Debug|Win32
		{87DF4236-0C42-4B2A-9B1C-B8120A01A76B}.Debug|x86.Build.0 = Debug|Win32
		{87DF4236-0C42-4B2A-9B1C-B8120A01A76B}.Debug|x86.Deploy.0 = Debug|Win32
		{87DF4236-0C42-4B2A-9B1C-B8120A01A76B}.Release|x64.ActiveCfg = Release|x64
		{87DF4236-0C42-4B2A-9B1C-B8120A01A76B}.Release|x64.Build.0 = Release|x64
		{87DF4236-0C42-4B2A-9B1C-B8120A01A76B}.Release|x64.Deploy.0 = Release|x64
		{87DF4236-0C42-4B2A-9B1C-B8120A01A76B}.Release|x86.ActiveCfg = Release|Win32
		{87DF4236-0C42-4B2A-9B1C-B8120A01A76B}.Release|x86.Build.0 = Release|Win32
		{87DF4236-0C42-4B2A-9B1C-B8120A01A76B}.Release|x86.Deploy.0 = Release|Win32
	EndGlobalSection
	GlobalSection(SolutionProperties) = preSolution
		HideSolutionNode = FALSE
	EndGlobalSection
	GlobalSection(NestedProjects) = preSolution
		{C740164F-02EF-4DF7-BEA2-3042FD9823EC} = {8977ACD6-1A78-49CF-A6F2-78802DED85D8}
		{D4C53D20-6CE0-4D61-A3C9-7611DF5BE86C} = {8977ACD6-1A78-49CF-A6F2-78802DED85D8}
		{B31E2FCC-6BB3-449E-956C-770F757A4EE4} = {8977ACD6-1A78-49CF-A6F2-78802DED85D8}
		{35303652-ECBE-4ED7-AE08-514922BAE276} = {8977ACD6-1A78-49CF-A6F2-78802DED85D8}
		{7CD2A2C1-22CA-4DA5-9B5D-F1A8A5AAA24D} = {8977ACD6-1A78-49CF-A6F2-78802DED85D8}
		{B58318B9-1D12-40BF-A1A4-E08130A6980F} = {8977ACD6-1A78-49CF-A6F2-78802DED85D8}
		{87DF4236-0C42-4B2A-9B1C-B8120A01A76B} = {8977ACD6-1A78-49CF-A6F2-78802DED85D8}
	EndGlobalSection
EndGlobal
