
Microsoft Visual Studio Solution File, Format Version 12.00
# Visual Studio 15
VisualStudioVersion = 15.0.27004.2005
MinimumVisualStudioVersion = 10.0.40219.1
Project("{8BC9CEB8-8B4A-11D0-8D11-00A0C91BC942}") = "KTL", "..\Ring0\KTL\KTL.vcxproj", "{C740164F-02EF-4DF7-BEA2-3042FD9823EC}"
EndProject
Project("{8BC9CEB8-8B4A-11D0-8D11-00A0C91BC942}") = "MiniFlt", "..\Ring0\MiniFlt\MiniFlt.vcxproj", "{D4C53D20-6CE0-4D61-A3C9-7611DF5BE86C}"
EndProject
Project("{2150E333-8FDC-42A3-9474-1A3956D46DE8}") = "Ring0", "Ring0", "{8977ACD6-1A78-49CF-A6F2-78802DED85D8}"
EndProject
Project("{2150E333-8FDC-42A3-9474-1A3956D46DE8}") = "Ring3", "Ring3", "{CB3E6D17-BEA2-40E0-B92F-EB9612FD7C99}"
EndProject
Project("{2150E333-8FDC-42A3-9474-1A3956D46DE8}") = "Include", "Include", "{6900FBAC-17E6-4AC2-AA96-A653C41154D7}"
EndProject
Project("{8BC9CEB8-8B4A-11D0-8D11-00A0C91BC942}") = "UnitTest.Ring0", "..\Ring0\UnitTest.Ring0\UnitTest.Ring0.vcxproj", "{B31E2FCC-6BB3-449E-956C-770F757A4EE4}"
EndProject
Project("{8BC9CEB8-8B4A-11D0-8D11-00A0C91BC942}") = "NdisFlt", "..\Ring0\NdisFlt\NdisFlt.vcxproj", "{7CD2A2C1-22CA-4DA5-9B5D-F1A8A5AAA24D}"
EndProject
Project("{8BC9CEB8-8B4A-11D0-8D11-00A0C91BC942}") = "WFPFlt", "..\Ring0\WFPFlt\WFPFlt.vcxproj", "{B58318B9-1D12-40BF-A1A4-E08130A6980F}"
EndProject
Project("{8BC9CEB8-8B4A-11D0-8D11-00A0C91BC942}") = "ShimsApi", "..\Ring0\ShimsApi\ShimsApi.vcxproj", "{87DF4236-0C42-4B2A-9B1C-B8120A01A76B}"
EndProject
Project("{8BC9CEB8-8B4A-11D0-8D11-00A0C91BC942}") = "DeviceFlt", "..\Ring0\DeviceFlt\DeviceFlt.vcxproj", "{28CDCBF2-8404-4EC5-9D0F-23EDD433D7CE}"
EndProject
Project("{8BC9CEB8-8B4A-11D0-8D11-00A0C91BC942}") = "Owl.Kernel", "..\Ring0\Owl.Kernel\Owl.Kernel.vcxproj", "{31D5CAC7-34A6-4714-9219-4E12379283FB}"
EndProject
Project("{8BC9CEB8-8B4A-11D0-8D11-00A0C91BC942}") = "Owl.User", "..\Ring3\Owl.User\Owl.User.vcxproj", "{C061AFD1-F69A-4240-B835-4176E667BF22}"
EndProject
Project("{8BC9CEB8-8B4A-11D0-8D11-00A0C91BC942}") = "DriverMgr", "..\Ring0\DriverMgr\DriverMgr.vcxproj", "{F0CDF1DD-310C-4C2D-8449-A02C2D118DC6}"
EndProject
Project("{8BC9CEB8-8B4A-11D0-8D11-00A0C91BC942}") = "Vol.User", "..\Ring3\Vol.User\Vol.User.vcxproj", "{D9975878-ED6B-4831-9607-495969941401}"
EndProject
Project("{8BC9CEB8-8B4A-11D0-8D11-00A0C91BC942}") = "Detours.User", "..\Ring3\Detours.User\Detours.User.vcxproj", "{7C9C7EB7-3DC3-4E5A-9992-382C92B2A4ED}"
EndProject
Project("{8BC9CEB8-8B4A-11D0-8D11-00A0C91BC942}") = "Vol.Kernel", "..\Ring0\Vol.Kernel\Vol.Kernel.vcxproj", "{35303652-ECBE-4ED7-AE08-514922BAE276}"
EndProject
Project("{8BC9CEB8-8B4A-11D0-8D11-00A0C91BC942}") = "UnitTest.Ring3", "..\Ring3\UnitTest.Ring3\UnitTest.Ring3.vcxproj", "{D825A258-3FE0-49EE-B02C-E6639597FC6A}"
EndProject
Project("{2150E333-8FDC-42A3-9474-1A3956D46DE8}") = "Microsoft", "Microsoft", "{EF045944-29C3-4E7D-A5A1-16E4F62948CC}"
	ProjectSection(SolutionItems) = preProject
		..\Include\Microsoft\MBox.Apc.h = ..\Include\Microsoft\MBox.Apc.h
		..\Include\Microsoft\MBox.Base.h = ..\Include\Microsoft\MBox.Base.h
		..\Include\Microsoft\MBox.Context.h = ..\Include\Microsoft\MBox.Context.h
		..\Include\Microsoft\MBox.File.h = ..\Include\Microsoft\MBox.File.h
		..\Include\Microsoft\MBox.Images.PE.h = ..\Include\Microsoft\MBox.Images.PE.h
		..\Include\Microsoft\MBox.Memory.Information.h = ..\Include\Microsoft\MBox.Memory.Information.h
		..\Include\Microsoft\Mbox.Module.Loader.h = ..\Include\Microsoft\Mbox.Module.Loader.h
		..\Include\Microsoft\MBox.Network.h = ..\Include\Microsoft\MBox.Network.h
		..\Include\Microsoft\MBox.Network.Socket.h = ..\Include\Microsoft\MBox.Network.Socket.h
		..\Include\Microsoft\MBox.Object.Directory.h = ..\Include\Microsoft\MBox.Object.Directory.h
		..\Include\Microsoft\MBox.Object.h = ..\Include\Microsoft\MBox.Object.h
		..\Include\Microsoft\MBox.Object.Job.h = ..\Include\Microsoft\MBox.Object.Job.h
		..\Include\Microsoft\MBox.Object.Synchronize.h = ..\Include\Microsoft\MBox.Object.Synchronize.h
		..\Include\Microsoft\MBox.Process.h = ..\Include\Microsoft\MBox.Process.h
		..\Include\Microsoft\MBox.Registry.h = ..\Include\Microsoft\MBox.Registry.h
		..\Include\Microsoft\MBox.Runtime.h = ..\Include\Microsoft\MBox.Runtime.h
		..\Include\Microsoft\MBox.Security.h = ..\Include\Microsoft\MBox.Security.h
		..\Include\Microsoft\MBox.Security.Macro.h = ..\Include\Microsoft\MBox.Security.Macro.h
		..\Include\Microsoft\MBox.Security.Token.h = ..\Include\Microsoft\MBox.Security.Token.h
		..\Include\Microsoft\MBox.System.Information.h = ..\Include\Microsoft\MBox.System.Information.h
		..\Include\Microsoft\MBox.System.Version.h = ..\Include\Microsoft\MBox.System.Version.h
		..\Include\Microsoft\MBox.Thread.EThread.14393.h = ..\Include\Microsoft\MBox.Thread.EThread.14393.h
		..\Include\Microsoft\MBox.Thread.EThread.15063.h = ..\Include\Microsoft\MBox.Thread.EThread.15063.h
		..\Include\Microsoft\MBox.Thread.EThread.h = ..\Include\Microsoft\MBox.Thread.EThread.h
		..\Include\Microsoft\MBox.Thread.h = ..\Include\Microsoft\MBox.Thread.h
		..\Include\Microsoft\MBox.Thread.KThread.14393.h = ..\Include\Microsoft\MBox.Thread.KThread.14393.h
		..\Include\Microsoft\MBox.Thread.KThread.15063.h = ..\Include\Microsoft\MBox.Thread.KThread.15063.h
		..\Include\Microsoft\MBox.Thread.KThread.h = ..\Include\Microsoft\MBox.Thread.KThread.h
	EndProjectSection
EndProject
Project("{2150E333-8FDC-42A3-9474-1A3956D46DE8}") = "Common", "Common", "{48374AC9-6C08-4DA2-B9DA-9F62A04919B0}"
	ProjectSection(SolutionItems) = preProject
		..\Include\Common\MBox.Macro.h = ..\Include\Common\MBox.Macro.h
	EndProjectSection
EndProject
Project("{2150E333-8FDC-42A3-9474-1A3956D46DE8}") = "Owl", "Owl", "{C4E100BB-ECFC-4EBF-98F2-C456B2DDA28A}"
	ProjectSection(SolutionItems) = preProject
		..\Include\Owl\MBox.MiniFlt.OwlProtocol.h = ..\Include\Owl\MBox.MiniFlt.OwlProtocol.h
		..\Include\Owl\MBox.OwlProtocol.h = ..\Include\Owl\MBox.OwlProtocol.h
	EndProjectSection
EndProject
Project("{8BC9CEB8-8B4A-11D0-8D11-00A0C91BC942}") = "RegisterFlt", "..\Ring0\RegisterFlt\RegisterFlt.vcxproj", "{36EFE126-9B1F-448C-931C-F0A370646446}"
EndProject
Project("{8BC9CEB8-8B4A-11D0-8D11-00A0C91BC942}") = "MiniFlt.Owl.User", "..\Ring3\MiniFlt.Owl.User\MiniFlt.Owl.User.vcxproj", "{0C1FDB6F-6A25-4668-B5F7-433D83F11C83}"
EndProject
Project("{8BC9CEB8-8B4A-11D0-8D11-00A0C91BC942}") = "MiniFlt.Owl.Kernel", "..\Ring0\MiniFlt.Owl.Kernel\MiniFlt.Owl.Kernel.vcxproj", "{54BBE684-5842-4717-8F4C-5DF1A731AC09}"
EndProject
Global
	GlobalSection(SolutionConfigurationPlatforms) = preSolution
		Debug|x64 = Debug|x64
		Debug|x86 = Debug|x86
		Release|x64 = Release|x64
		Release|x86 = Release|x86
	EndGlobalSection
	GlobalSection(ProjectConfigurationPlatforms) = postSolution
		{C740164F-02EF-4DF7-BEA2-3042FD9823EC}.Debug|x64.ActiveCfg = Debug|x64
		{C740164F-02EF-4DF7-BEA2-3042FD9823EC}.Debug|x64.Build.0 = Debug|x64
		{C740164F-02EF-4DF7-BEA2-3042FD9823EC}.Debug|x64.Deploy.0 = Debug|x64
		{C740164F-02EF-4DF7-BEA2-3042FD9823EC}.Debug|x86.ActiveCfg = Debug|Win32
		{C740164F-02EF-4DF7-BEA2-3042FD9823EC}.Debug|x86.Build.0 = Debug|Win32
		{C740164F-02EF-4DF7-BEA2-3042FD9823EC}.Debug|x86.Deploy.0 = Debug|Win32
		{C740164F-02EF-4DF7-BEA2-3042FD9823EC}.Release|x64.ActiveCfg = Release|x64
		{C740164F-02EF-4DF7-BEA2-3042FD9823EC}.Release|x64.Build.0 = Release|x64
		{C740164F-02EF-4DF7-BEA2-3042FD9823EC}.Release|x64.Deploy.0 = Release|x64
		{C740164F-02EF-4DF7-BEA2-3042FD9823EC}.Release|x86.ActiveCfg = Release|Win32
		{C740164F-02EF-4DF7-BEA2-3042FD9823EC}.Release|x86.Build.0 = Release|Win32
		{C740164F-02EF-4DF7-BEA2-3042FD9823EC}.Release|x86.Deploy.0 = Release|Win32
		{D4C53D20-6CE0-4D61-A3C9-7611DF5BE86C}.Debug|x64.ActiveCfg = Debug|x64
		{D4C53D20-6CE0-4D61-A3C9-7611DF5BE86C}.Debug|x64.Build.0 = Debug|x64
		{D4C53D20-6CE0-4D61-A3C9-7611DF5BE86C}.Debug|x64.Deploy.0 = Debug|x64
		{D4C53D20-6CE0-4D61-A3C9-7611DF5BE86C}.Debug|x86.ActiveCfg = Debug|Win32
		{D4C53D20-6CE0-4D61-A3C9-7611DF5BE86C}.Debug|x86.Build.0 = Debug|Win32
		{D4C53D20-6CE0-4D61-A3C9-7611DF5BE86C}.Debug|x86.Deploy.0 = Debug|Win32
		{D4C53D20-6CE0-4D61-A3C9-7611DF5BE86C}.Release|x64.ActiveCfg = Release|x64
		{D4C53D20-6CE0-4D61-A3C9-7611DF5BE86C}.Release|x64.Build.0 = Release|x64
		{D4C53D20-6CE0-4D61-A3C9-7611DF5BE86C}.Release|x64.Deploy.0 = Release|x64
		{D4C53D20-6CE0-4D61-A3C9-7611DF5BE86C}.Release|x86.ActiveCfg = Release|Win32
		{D4C53D20-6CE0-4D61-A3C9-7611DF5BE86C}.Release|x86.Build.0 = Release|Win32
		{D4C53D20-6CE0-4D61-A3C9-7611DF5BE86C}.Release|x86.Deploy.0 = Release|Win32
		{B31E2FCC-6BB3-449E-956C-770F757A4EE4}.Debug|x64.ActiveCfg = Debug|x64
		{B31E2FCC-6BB3-449E-956C-770F757A4EE4}.Debug|x64.Build.0 = Debug|x64
		{B31E2FCC-6BB3-449E-956C-770F757A4EE4}.Debug|x64.Deploy.0 = Debug|x64
		{B31E2FCC-6BB3-449E-956C-770F757A4EE4}.Debug|x86.ActiveCfg = Debug|Win32
		{B31E2FCC-6BB3-449E-956C-770F757A4EE4}.Debug|x86.Build.0 = Debug|Win32
		{B31E2FCC-6BB3-449E-956C-770F757A4EE4}.Debug|x86.Deploy.0 = Debug|Win32
		{B31E2FCC-6BB3-449E-956C-770F757A4EE4}.Release|x64.ActiveCfg = Release|x64
		{B31E2FCC-6BB3-449E-956C-770F757A4EE4}.Release|x64.Build.0 = Release|x64
		{B31E2FCC-6BB3-449E-956C-770F757A4EE4}.Release|x64.Deploy.0 = Release|x64
		{B31E2FCC-6BB3-449E-956C-770F757A4EE4}.Release|x86.ActiveCfg = Release|Win32
		{B31E2FCC-6BB3-449E-956C-770F757A4EE4}.Release|x86.Build.0 = Release|Win32
		{B31E2FCC-6BB3-449E-956C-770F757A4EE4}.Release|x86.Deploy.0 = Release|Win32
		{7CD2A2C1-22CA-4DA5-9B5D-F1A8A5AAA24D}.Debug|x64.ActiveCfg = Debug|x64
		{7CD2A2C1-22CA-4DA5-9B5D-F1A8A5AAA24D}.Debug|x64.Build.0 = Debug|x64
		{7CD2A2C1-22CA-4DA5-9B5D-F1A8A5AAA24D}.Debug|x64.Deploy.0 = Debug|x64
		{7CD2A2C1-22CA-4DA5-9B5D-F1A8A5AAA24D}.Debug|x86.ActiveCfg = Debug|Win32
		{7CD2A2C1-22CA-4DA5-9B5D-F1A8A5AAA24D}.Debug|x86.Build.0 = Debug|Win32
		{7CD2A2C1-22CA-4DA5-9B5D-F1A8A5AAA24D}.Debug|x86.Deploy.0 = Debug|Win32
		{7CD2A2C1-22CA-4DA5-9B5D-F1A8A5AAA24D}.Release|x64.ActiveCfg = Release|x64
		{7CD2A2C1-22CA-4DA5-9B5D-F1A8A5AAA24D}.Release|x64.Build.0 = Release|x64
		{7CD2A2C1-22CA-4DA5-9B5D-F1A8A5AAA24D}.Release|x64.Deploy.0 = Release|x64
		{7CD2A2C1-22CA-4DA5-9B5D-F1A8A5AAA24D}.Release|x86.ActiveCfg = Release|Win32
		{7CD2A2C1-22CA-4DA5-9B5D-F1A8A5AAA24D}.Release|x86.Build.0 = Release|Win32
		{7CD2A2C1-22CA-4DA5-9B5D-F1A8A5AAA24D}.Release|x86.Deploy.0 = Release|Win32
		{B58318B9-1D12-40BF-A1A4-E08130A6980F}.Debug|x64.ActiveCfg = Debug|x64
		{B58318B9-1D12-40BF-A1A4-E08130A6980F}.Debug|x64.Build.0 = Debug|x64
		{B58318B9-1D12-40BF-A1A4-E08130A6980F}.Debug|x64.Deploy.0 = Debug|x64
		{B58318B9-1D12-40BF-A1A4-E08130A6980F}.Debug|x86.ActiveCfg = Debug|Win32
		{B58318B9-1D12-40BF-A1A4-E08130A6980F}.Debug|x86.Build.0 = Debug|Win32
		{B58318B9-1D12-40BF-A1A4-E08130A6980F}.Debug|x86.Deploy.0 = Debug|Win32
		{B58318B9-1D12-40BF-A1A4-E08130A6980F}.Release|x64.ActiveCfg = Release|x64
		{B58318B9-1D12-40BF-A1A4-E08130A6980F}.Release|x64.Build.0 = Release|x64
		{B58318B9-1D12-40BF-A1A4-E08130A6980F}.Release|x64.Deploy.0 = Release|x64
		{B58318B9-1D12-40BF-A1A4-E08130A6980F}.Release|x86.ActiveCfg = Release|Win32
		{B58318B9-1D12-40BF-A1A4-E08130A6980F}.Release|x86.Build.0 = Release|Win32
		{B58318B9-1D12-40BF-A1A4-E08130A6980F}.Release|x86.Deploy.0 = Release|Win32
		{87DF4236-0C42-4B2A-9B1C-B8120A01A76B}.Debug|x64.ActiveCfg = Debug|x64
		{87DF4236-0C42-4B2A-9B1C-B8120A01A76B}.Debug|x64.Build.0 = Debug|x64
		{87DF4236-0C42-4B2A-9B1C-B8120A01A76B}.Debug|x64.Deploy.0 = Debug|x64
		{87DF4236-0C42-4B2A-9B1C-B8120A01A76B}.Debug|x86.ActiveCfg = Debug|Win32
		{87DF4236-0C42-4B2A-9B1C-B8120A01A76B}.Debug|x86.Build.0 = Debug|Win32
		{87DF4236-0C42-4B2A-9B1C-B8120A01A76B}.Debug|x86.Deploy.0 = Debug|Win32
		{87DF4236-0C42-4B2A-9B1C-B8120A01A76B}.Release|x64.ActiveCfg = Release|x64
		{87DF4236-0C42-4B2A-9B1C-B8120A01A76B}.Release|x64.Build.0 = Release|x64
		{87DF4236-0C42-4B2A-9B1C-B8120A01A76B}.Release|x64.Deploy.0 = Release|x64
		{87DF4236-0C42-4B2A-9B1C-B8120A01A76B}.Release|x86.ActiveCfg = Release|Win32
		{87DF4236-0C42-4B2A-9B1C-B8120A01A76B}.Release|x86.Build.0 = Release|Win32
		{87DF4236-0C42-4B2A-9B1C-B8120A01A76B}.Release|x86.Deploy.0 = Release|Win32
		{28CDCBF2-8404-4EC5-9D0F-23EDD433D7CE}.Debug|x64.ActiveCfg = Debug|x64
		{28CDCBF2-8404-4EC5-9D0F-23EDD433D7CE}.Debug|x64.Build.0 = Debug|x64
		{28CDCBF2-8404-4EC5-9D0F-23EDD433D7CE}.Debug|x64.Deploy.0 = Debug|x64
		{28CDCBF2-8404-4EC5-9D0F-23EDD433D7CE}.Debug|x86.ActiveCfg = Debug|Win32
		{28CDCBF2-8404-4EC5-9D0F-23EDD433D7CE}.Debug|x86.Build.0 = Debug|Win32
		{28CDCBF2-8404-4EC5-9D0F-23EDD433D7CE}.Debug|x86.Deploy.0 = Debug|Win32
		{28CDCBF2-8404-4EC5-9D0F-23EDD433D7CE}.Release|x64.ActiveCfg = Release|x64
		{28CDCBF2-8404-4EC5-9D0F-23EDD433D7CE}.Release|x64.Build.0 = Release|x64
		{28CDCBF2-8404-4EC5-9D0F-23EDD433D7CE}.Release|x64.Deploy.0 = Release|x64
		{28CDCBF2-8404-4EC5-9D0F-23EDD433D7CE}.Release|x86.ActiveCfg = Release|Win32
		{28CDCBF2-8404-4EC5-9D0F-23EDD433D7CE}.Release|x86.Build.0 = Release|Win32
		{28CDCBF2-8404-4EC5-9D0F-23EDD433D7CE}.Release|x86.Deploy.0 = Release|Win32
		{31D5CAC7-34A6-4714-9219-4E12379283FB}.Debug|x64.ActiveCfg = Debug|x64
		{31D5CAC7-34A6-4714-9219-4E12379283FB}.Debug|x64.Build.0 = Debug|x64
		{31D5CAC7-34A6-4714-9219-4E12379283FB}.Debug|x64.Deploy.0 = Debug|x64
		{31D5CAC7-34A6-4714-9219-4E12379283FB}.Debug|x86.ActiveCfg = Debug|Win32
		{31D5CAC7-34A6-4714-9219-4E12379283FB}.Debug|x86.Build.0 = Debug|Win32
		{31D5CAC7-34A6-4714-9219-4E12379283FB}.Debug|x86.Deploy.0 = Debug|Win32
		{31D5CAC7-34A6-4714-9219-4E12379283FB}.Release|x64.ActiveCfg = Release|x64
		{31D5CAC7-34A6-4714-9219-4E12379283FB}.Release|x64.Build.0 = Release|x64
		{31D5CAC7-34A6-4714-9219-4E12379283FB}.Release|x64.Deploy.0 = Release|x64
		{31D5CAC7-34A6-4714-9219-4E12379283FB}.Release|x86.ActiveCfg = Release|Win32
		{31D5CAC7-34A6-4714-9219-4E12379283FB}.Release|x86.Build.0 = Release|Win32
		{31D5CAC7-34A6-4714-9219-4E12379283FB}.Release|x86.Deploy.0 = Release|Win32
		{C061AFD1-F69A-4240-B835-4176E667BF22}.Debug|x64.ActiveCfg = Debug|x64
		{C061AFD1-F69A-4240-B835-4176E667BF22}.Debug|x64.Build.0 = Debug|x64
		{C061AFD1-F69A-4240-B835-4176E667BF22}.Debug|x64.Deploy.0 = Debug|x64
		{C061AFD1-F69A-4240-B835-4176E667BF22}.Debug|x86.ActiveCfg = Debug|Win32
		{C061AFD1-F69A-4240-B835-4176E667BF22}.Debug|x86.Build.0 = Debug|Win32
		{C061AFD1-F69A-4240-B835-4176E667BF22}.Debug|x86.Deploy.0 = Debug|Win32
		{C061AFD1-F69A-4240-B835-4176E667BF22}.Release|x64.ActiveCfg = Release|x64
		{C061AFD1-F69A-4240-B835-4176E667BF22}.Release|x64.Build.0 = Release|x64
		{C061AFD1-F69A-4240-B835-4176E667BF22}.Release|x86.ActiveCfg = Release|Win32
		{C061AFD1-F69A-4240-B835-4176E667BF22}.Release|x86.Build.0 = Release|Win32
		{C061AFD1-F69A-4240-B835-4176E667BF22}.Release|x86.Deploy.0 = Release|Win32
		{F0CDF1DD-310C-4C2D-8449-A02C2D118DC6}.Debug|x64.ActiveCfg = Debug|x64
		{F0CDF1DD-310C-4C2D-8449-A02C2D118DC6}.Debug|x64.Build.0 = Debug|x64
		{F0CDF1DD-310C-4C2D-8449-A02C2D118DC6}.Debug|x64.Deploy.0 = Debug|x64
		{F0CDF1DD-310C-4C2D-8449-A02C2D118DC6}.Debug|x86.ActiveCfg = Debug|Win32
		{F0CDF1DD-310C-4C2D-8449-A02C2D118DC6}.Debug|x86.Build.0 = Debug|Win32
		{F0CDF1DD-310C-4C2D-8449-A02C2D118DC6}.Debug|x86.Deploy.0 = Debug|Win32
		{F0CDF1DD-310C-4C2D-8449-A02C2D118DC6}.Release|x64.ActiveCfg = Release|x64
		{F0CDF1DD-310C-4C2D-8449-A02C2D118DC6}.Release|x64.Build.0 = Release|x64
		{F0CDF1DD-310C-4C2D-8449-A02C2D118DC6}.Release|x64.Deploy.0 = Release|x64
		{F0CDF1DD-310C-4C2D-8449-A02C2D118DC6}.Release|x86.ActiveCfg = Release|Win32
		{F0CDF1DD-310C-4C2D-8449-A02C2D118DC6}.Release|x86.Build.0 = Release|Win32
		{F0CDF1DD-310C-4C2D-8449-A02C2D118DC6}.Release|x86.Deploy.0 = Release|Win32
		{D9975878-ED6B-4831-9607-495969941401}.Debug|x64.ActiveCfg = Debug|x64
		{D9975878-ED6B-4831-9607-495969941401}.Debug|x64.Build.0 = Debug|x64
		{D9975878-ED6B-4831-9607-495969941401}.Debug|x64.Deploy.0 = Debug|x64
		{D9975878-ED6B-4831-9607-495969941401}.Debug|x86.ActiveCfg = Debug|Win32
		{D9975878-ED6B-4831-9607-495969941401}.Debug|x86.Build.0 = Debug|Win32
		{D9975878-ED6B-4831-9607-495969941401}.Debug|x86.Deploy.0 = Debug|Win32
		{D9975878-ED6B-4831-9607-495969941401}.Release|x64.ActiveCfg = Release|x64
		{D9975878-ED6B-4831-9607-495969941401}.Release|x64.Build.0 = Release|x64
		{D9975878-ED6B-4831-9607-495969941401}.Release|x86.ActiveCfg = Release|Win32
		{D9975878-ED6B-4831-9607-495969941401}.Release|x86.Build.0 = Release|Win32
		{D9975878-ED6B-4831-9607-495969941401}.Release|x86.Deploy.0 = Release|Win32
		{7C9C7EB7-3DC3-4E5A-9992-382C92B2A4ED}.Debug|x64.ActiveCfg = Debug|x64
		{7C9C7EB7-3DC3-4E5A-9992-382C92B2A4ED}.Debug|x64.Build.0 = Debug|x64
		{7C9C7EB7-3DC3-4E5A-9992-382C92B2A4ED}.Debug|x86.ActiveCfg = Debug|Win32
		{7C9C7EB7-3DC3-4E5A-9992-382C92B2A4ED}.Debug|x86.Build.0 = Debug|Win32
		{7C9C7EB7-3DC3-4E5A-9992-382C92B2A4ED}.Release|x64.ActiveCfg = Release|x64
		{7C9C7EB7-3DC3-4E5A-9992-382C92B2A4ED}.Release|x64.Build.0 = Release|x64
		{7C9C7EB7-3DC3-4E5A-9992-382C92B2A4ED}.Release|x86.ActiveCfg = Release|Win32
		{7C9C7EB7-3DC3-4E5A-9992-382C92B2A4ED}.Release|x86.Build.0 = Release|Win32
		{35303652-ECBE-4ED7-AE08-514922BAE276}.Debug|x64.ActiveCfg = Debug|x64
		{35303652-ECBE-4ED7-AE08-514922BAE276}.Debug|x64.Build.0 = Debug|x64
		{35303652-ECBE-4ED7-AE08-514922BAE276}.Debug|x64.Deploy.0 = Debug|x64
		{35303652-ECBE-4ED7-AE08-514922BAE276}.Debug|x86.ActiveCfg = Debug|Win32
		{35303652-ECBE-4ED7-AE08-514922BAE276}.Debug|x86.Build.0 = Debug|Win32
		{35303652-ECBE-4ED7-AE08-514922BAE276}.Debug|x86.Deploy.0 = Debug|Win32
		{35303652-ECBE-4ED7-AE08-514922BAE276}.Release|x64.ActiveCfg = Release|x64
		{35303652-ECBE-4ED7-AE08-514922BAE276}.Release|x64.Build.0 = Release|x64
		{35303652-ECBE-4ED7-AE08-514922BAE276}.Release|x64.Deploy.0 = Release|x64
		{35303652-ECBE-4ED7-AE08-514922BAE276}.Release|x86.ActiveCfg = Release|Win32
		{35303652-ECBE-4ED7-AE08-514922BAE276}.Release|x86.Build.0 = Release|Win32
		{35303652-ECBE-4ED7-AE08-514922BAE276}.Release|x86.Deploy.0 = Release|Win32
		{D825A258-3FE0-49EE-B02C-E6639597FC6A}.Debug|x64.ActiveCfg = Debug|x64
		{D825A258-3FE0-49EE-B02C-E6639597FC6A}.Debug|x64.Build.0 = Debug|x64
		{D825A258-3FE0-49EE-B02C-E6639597FC6A}.Debug|x86.ActiveCfg = Debug|Win32
		{D825A258-3FE0-49EE-B02C-E6639597FC6A}.Debug|x86.Build.0 = Debug|Win32
		{D825A258-3FE0-49EE-B02C-E6639597FC6A}.Release|x64.ActiveCfg = Release|x64
		{D825A258-3FE0-49EE-B02C-E6639597FC6A}.Release|x64.Build.0 = Release|x64
		{D825A258-3FE0-49EE-B02C-E6639597FC6A}.Release|x86.ActiveCfg = Release|Win32
		{D825A258-3FE0-49EE-B02C-E6639597FC6A}.Release|x86.Build.0 = Release|Win32
		{36EFE126-9B1F-448C-931C-F0A370646446}.Debug|x64.ActiveCfg = Debug|x64
		{36EFE126-9B1F-448C-931C-F0A370646446}.Debug|x64.Build.0 = Debug|x64
		{36EFE126-9B1F-448C-931C-F0A370646446}.Debug|x64.Deploy.0 = Debug|x64
		{36EFE126-9B1F-448C-931C-F0A370646446}.Debug|x86.ActiveCfg = Debug|Win32
		{36EFE126-9B1F-448C-931C-F0A370646446}.Debug|x86.Build.0 = Debug|Win32
		{36EFE126-9B1F-448C-931C-F0A370646446}.Debug|x86.Deploy.0 = Debug|Win32
		{36EFE126-9B1F-448C-931C-F0A370646446}.Release|x64.ActiveCfg = Release|x64
		{36EFE126-9B1F-448C-931C-F0A370646446}.Release|x64.Build.0 = Release|x64
		{36EFE126-9B1F-448C-931C-F0A370646446}.Release|x64.Deploy.0 = Release|x64
		{36EFE126-9B1F-448C-931C-F0A370646446}.Release|x86.ActiveCfg = Release|Win32
		{36EFE126-9B1F-448C-931C-F0A370646446}.Release|x86.Build.0 = Release|Win32
		{36EFE126-9B1F-448C-931C-F0A370646446}.Release|x86.Deploy.0 = Release|Win32
		{0C1FDB6F-6A25-4668-B5F7-433D83F11C83}.Debug|x64.ActiveCfg = Debug|x64
		{0C1FDB6F-6A25-4668-B5F7-433D83F11C83}.Debug|x64.Build.0 = Debug|x64
		{0C1FDB6F-6A25-4668-B5F7-433D83F11C83}.Debug|x86.ActiveCfg = Debug|Win32
		{0C1FDB6F-6A25-4668-B5F7-433D83F11C83}.Debug|x86.Build.0 = Debug|Win32
		{0C1FDB6F-6A25-4668-B5F7-433D83F11C83}.Release|x64.ActiveCfg = Release|x64
		{0C1FDB6F-6A25-4668-B5F7-433D83F11C83}.Release|x64.Build.0 = Release|x64
		{0C1FDB6F-6A25-4668-B5F7-433D83F11C83}.Release|x86.ActiveCfg = Release|Win32
		{0C1FDB6F-6A25-4668-B5F7-433D83F11C83}.Release|x86.Build.0 = Release|Win32
		{54BBE684-5842-4717-8F4C-5DF1A731AC09}.Debug|x64.ActiveCfg = Debug|x64
		{54BBE684-5842-4717-8F4C-5DF1A731AC09}.Debug|x64.Build.0 = Debug|x64
		{54BBE684-5842-4717-8F4C-5DF1A731AC09}.Debug|x64.Deploy.0 = Debug|x64
		{54BBE684-5842-4717-8F4C-5DF1A731AC09}.Debug|x86.ActiveCfg = Debug|Win32
		{54BBE684-5842-4717-8F4C-5DF1A731AC09}.Debug|x86.Build.0 = Debug|Win32
		{54BBE684-5842-4717-8F4C-5DF1A731AC09}.Debug|x86.Deploy.0 = Debug|Win32
		{54BBE684-5842-4717-8F4C-5DF1A731AC09}.Release|x64.ActiveCfg = Release|x64
		{54BBE684-5842-4717-8F4C-5DF1A731AC09}.Release|x64.Build.0 = Release|x64
		{54BBE684-5842-4717-8F4C-5DF1A731AC09}.Release|x64.Deploy.0 = Release|x64
		{54BBE684-5842-4717-8F4C-5DF1A731AC09}.Release|x86.ActiveCfg = Release|Win32
		{54BBE684-5842-4717-8F4C-5DF1A731AC09}.Release|x86.Build.0 = Release|Win32
		{54BBE684-5842-4717-8F4C-5DF1A731AC09}.Release|x86.Deploy.0 = Release|Win32
	EndGlobalSection
	GlobalSection(SolutionProperties) = preSolution
		HideSolutionNode = FALSE
	EndGlobalSection
	GlobalSection(NestedProjects) = preSolution
		{C740164F-02EF-4DF7-BEA2-3042FD9823EC} = {8977ACD6-1A78-49CF-A6F2-78802DED85D8}
		{D4C53D20-6CE0-4D61-A3C9-7611DF5BE86C} = {8977ACD6-1A78-49CF-A6F2-78802DED85D8}
		{B31E2FCC-6BB3-449E-956C-770F757A4EE4} = {8977ACD6-1A78-49CF-A6F2-78802DED85D8}
		{7CD2A2C1-22CA-4DA5-9B5D-F1A8A5AAA24D} = {8977ACD6-1A78-49CF-A6F2-78802DED85D8}
		{B58318B9-1D12-40BF-A1A4-E08130A6980F} = {8977ACD6-1A78-49CF-A6F2-78802DED85D8}
		{87DF4236-0C42-4B2A-9B1C-B8120A01A76B} = {8977ACD6-1A78-49CF-A6F2-78802DED85D8}
		{28CDCBF2-8404-4EC5-9D0F-23EDD433D7CE} = {8977ACD6-1A78-49CF-A6F2-78802DED85D8}
		{31D5CAC7-34A6-4714-9219-4E12379283FB} = {8977ACD6-1A78-49CF-A6F2-78802DED85D8}
		{C061AFD1-F69A-4240-B835-4176E667BF22} = {CB3E6D17-BEA2-40E0-B92F-EB9612FD7C99}
		{F0CDF1DD-310C-4C2D-8449-A02C2D118DC6} = {8977ACD6-1A78-49CF-A6F2-78802DED85D8}
		{D9975878-ED6B-4831-9607-495969941401} = {CB3E6D17-BEA2-40E0-B92F-EB9612FD7C99}
		{7C9C7EB7-3DC3-4E5A-9992-382C92B2A4ED} = {CB3E6D17-BEA2-40E0-B92F-EB9612FD7C99}
		{35303652-ECBE-4ED7-AE08-514922BAE276} = {8977ACD6-1A78-49CF-A6F2-78802DED85D8}
		{D825A258-3FE0-49EE-B02C-E6639597FC6A} = {CB3E6D17-BEA2-40E0-B92F-EB9612FD7C99}
		{EF045944-29C3-4E7D-A5A1-16E4F62948CC} = {6900FBAC-17E6-4AC2-AA96-A653C41154D7}
		{48374AC9-6C08-4DA2-B9DA-9F62A04919B0} = {6900FBAC-17E6-4AC2-AA96-A653C41154D7}
		{C4E100BB-ECFC-4EBF-98F2-C456B2DDA28A} = {6900FBAC-17E6-4AC2-AA96-A653C41154D7}
		{36EFE126-9B1F-448C-931C-F0A370646446} = {8977ACD6-1A78-49CF-A6F2-78802DED85D8}
		{0C1FDB6F-6A25-4668-B5F7-433D83F11C83} = {CB3E6D17-BEA2-40E0-B92F-EB9612FD7C99}
		{54BBE684-5842-4717-8F4C-5DF1A731AC09} = {8977ACD6-1A78-49CF-A6F2-78802DED85D8}
	EndGlobalSection
	GlobalSection(ExtensibilityGlobals) = postSolution
		SolutionGuid = {57C34556-A6BC-4DBE-965D-D208713CD678}
	EndGlobalSection
EndGlobal
