<?xml version="1.0" encoding="utf-8"?>
<Project ToolsVersion="4.0" xmlns="http://schemas.microsoft.com/developer/msbuild/2003">
  <ItemGroup>
    <Filter Include="Source Files">
      <UniqueIdentifier>{4FC737F1-C7A5-4376-A066-2A32D752A2FF}</UniqueIdentifier>
      <Extensions>cpp;c;cc;cxx;def;odl;idl;hpj;bat;asm;asmx</Extensions>
    </Filter>
    <Filter Include="Header Files">
      <UniqueIdentifier>{93995380-89BD-4b04-88EB-625FBE52EBFB}</UniqueIdentifier>
      <Extensions>h;hpp;hxx;hm;inl;inc;xsd</Extensions>
    </Filter>
    <Filter Include="Resource Files">
      <UniqueIdentifier>{67DA6AB6-F800-4c08-8B7A-83BB121AAD01}</UniqueIdentifier>
      <Extensions>rc;ico;cur;bmp;dlg;rc2;rct;bin;rgs;gif;jpg;jpeg;jpe;resx;tiff;tif;png;wav;mfcribbon-ms</Extensions>
    </Filter>
  </ItemGroup>
  <ItemGroup>
    <ClCompile Include="MiniFlt.cpp">
      <Filter>Source Files</Filter>
    </ClCompile>
    <ClCompile Include="stdafx.cpp">
      <Filter>Source Files</Filter>
    </ClCompile>
    <ClCompile Include="MiniFlt.Registration.cpp">
      <Filter>Source Files</Filter>
    </ClCompile>
    <ClCompile Include="MiniFlt.Callback.Packet.cpp">
      <Filter>Source Files</Filter>
    </ClCompile>
    <ClCompile Include="MiniFlt.Callback.Operation.cpp">
      <Filter>Source Files</Filter>
    </ClCompile>
    <ClCompile Include="MiniFlt.Callback.Name.cpp">
      <Filter>Source Files</Filter>
    </ClCompile>
    <ClCompile Include="MiniFlt.Callback.ContextCleanup.cpp">
      <Filter>Source Files</Filter>
    </ClCompile>
    <ClCompile Include="MiniFlt.Callback.FileContext.cpp">
      <Filter>Source Files</Filter>
    </ClCompile>
    <ClCompile Include="MiniFlt.Callback.InstanceContext.cpp">
      <Filter>Source Files</Filter>
    </ClCompile>
    <ClCompile Include="MiniFlt.Callback.StreamContext.cpp">
      <Filter>Source Files</Filter>
    </ClCompile>
    <ClCompile Include="MiniFlt.Callback.StreamHandleContext.cpp">
      <Filter>Source Files</Filter>
    </ClCompile>
    <ClCompile Include="MiniFlt.Callback.TransactionContext.cpp">
      <Filter>Source Files</Filter>
    </ClCompile>
    <ClCompile Include="MiniFlt.Callback.SectionContext.cpp">
      <Filter>Source Files</Filter>
    </ClCompile>
    <ClCompile Include="MiniFlt.Helper.cpp">
      <Filter>Source Files</Filter>
    </ClCompile>
  </ItemGroup>
  <ItemGroup>
    <ClInclude Include="stdafx.h">
      <Filter>Header Files</Filter>
    </ClInclude>
    <ClInclude Include="MiniFlt.h">
      <Filter>Header Files</Filter>
    </ClInclude>
    <ClInclude Include="MiniFlt.Registration.h">
      <Filter>Header Files</Filter>
    </ClInclude>
    <ClInclude Include="MiniFlt.Callback.Packet.h">
      <Filter>Header Files</Filter>
    </ClInclude>
    <ClInclude Include="MiniFlt.Callback.Operation.h">
      <Filter>Header Files</Filter>
    </ClInclude>
    <ClInclude Include="MiniFlt.Callback.Name.h">
      <Filter>Header Files</Filter>
    </ClInclude>
    <ClInclude Include="MiniFlt.Macro.h">
      <Filter>Header Files</Filter>
    </ClInclude>
    <ClInclude Include="MiniFlt.Callback.ContextCleanup.h">
      <Filter>Header Files</Filter>
    </ClInclude>
    <ClInclude Include="MiniFlt.Callback.FileContext.h">
      <Filter>Header Files</Filter>
    </ClInclude>
    <ClInclude Include="MiniFlt.Callback.InstanceContext.h">
      <Filter>Header Files</Filter>
    </ClInclude>
    <ClInclude Include="MiniFlt.Callback.StreamContext.h">
      <Filter>Header Files</Filter>
    </ClInclude>
    <ClInclude Include="MiniFlt.Callback.StreamHandleContext.h">
      <Filter>Header Files</Filter>
    </ClInclude>
    <ClInclude Include="MiniFlt.Callback.TransactionContext.h">
      <Filter>Header Files</Filter>
    </ClInclude>
    <ClInclude Include="MiniFlt.Callback.SectionContext.h">
      <Filter>Header Files</Filter>
    </ClInclude>
    <ClInclude Include="MiniFlt.Helper.h">
      <Filter>Header Files</Filter>
    </ClInclude>
  </ItemGroup>
</Project>