<?xml version="1.0" encoding="utf-8"?>
<Project ToolsVersion="4.0" xmlns="http://schemas.microsoft.com/developer/msbuild/2003">
  <ItemGroup>
    <Filter Include="Source Files">
      <UniqueIdentifier>{4FC737F1-C7A5-4376-A066-2A32D752A2FF}</UniqueIdentifier>
      <Extensions>cpp;c;cc;cxx;def;odl;idl;hpj;bat;asm;asmx</Extensions>
    </Filter>
    <Filter Include="Header Files">
      <UniqueIdentifier>{93995380-89BD-4b04-88EB-625FBE52EBFB}</UniqueIdentifier>
      <Extensions>h;hpp;hxx;hm;inl;inc;xsd</Extensions>
    </Filter>
    <Filter Include="Resource Files">
      <UniqueIdentifier>{67DA6AB6-F800-4c08-8B7A-83BB121AAD01}</UniqueIdentifier>
      <Extensions>rc;ico;cur;bmp;dlg;rc2;rct;bin;rgs;gif;jpg;jpeg;jpe;resx;tiff;tif;png;wav;mfcribbon-ms</Extensions>
    </Filter>
  </ItemGroup>
  <ItemGroup>
    <ClInclude Include="KTL.Containers.Tuple.h">
      <Filter>Header Files</Filter>
    </ClInclude>
    <ClInclude Include="KTL.Functional.Bind.h">
      <Filter>Header Files</Filter>
    </ClInclude>
    <ClInclude Include="KTL.Functional.h">
      <Filter>Header Files</Filter>
    </ClInclude>
    <ClInclude Include="KTL.h">
      <Filter>Header Files</Filter>
    </ClInclude>
    <ClInclude Include="KTL.Memory.New.h">
      <Filter>Header Files</Filter>
    </ClInclude>
    <ClInclude Include="KTL.Type.h">
      <Filter>Header Files</Filter>
    </ClInclude>
    <ClInclude Include="KTL.Type.TypeTraits.h">
      <Filter>Header Files</Filter>
    </ClInclude>
    <ClInclude Include="KTL.Type.Uitility.h">
      <Filter>Header Files</Filter>
    </ClInclude>
    <ClInclude Include="KTL.Functional.Function.h">
      <Filter>Header Files</Filter>
    </ClInclude>
    <ClInclude Include="KTL.Memory.SharedPtr.h">
      <Filter>Header Files</Filter>
    </ClInclude>
    <ClInclude Include="KTL.Memory.h">
      <Filter>Header Files</Filter>
    </ClInclude>
    <ClInclude Include="KTL.Memory.WeakPtr.h">
      <Filter>Header Files</Filter>
    </ClInclude>
    <ClInclude Include="KTL.Type.PointerTraits.h">
      <Filter>Header Files</Filter>
    </ClInclude>
    <ClInclude Include="KTL.Memory.AllocatorTraits.h">
      <Filter>Header Files</Filter>
    </ClInclude>
    <ClInclude Include="KTL.Memory.MemoryResource.h">
      <Filter>Header Files</Filter>
    </ClInclude>
    <ClInclude Include="KTL.Memory.Allocator.h">
      <Filter>Header Files</Filter>
    </ClInclude>
    <ClInclude Include="KTL.Containers.List.h">
      <Filter>Header Files</Filter>
    </ClInclude>
    <ClInclude Include="KTL.Type.AlignedBuffer.h">
      <Filter>Header Files</Filter>
    </ClInclude>
    <ClInclude Include="KTL.Containers.ListNode.h">
      <Filter>Header Files</Filter>
    </ClInclude>
    <ClInclude Include="KTL.Strings.h">
      <Filter>Header Files</Filter>
    </ClInclude>
    <ClInclude Include="KTL.Characters.h">
      <Filter>Header Files</Filter>
    </ClInclude>
    <ClInclude Include="KTL.Algorithm.h">
      <Filter>Header Files</Filter>
    </ClInclude>
    <ClInclude Include="KTL.Iterators.IteratorTraits.h">
      <Filter>Header Files</Filter>
    </ClInclude>
    <ClInclude Include="KTL.Iterators.ListIterator.h">
      <Filter>Header Files</Filter>
    </ClInclude>
    <ClInclude Include="KTL.Iterators.h">
      <Filter>Header Files</Filter>
    </ClInclude>
    <ClInclude Include="KTL.Strings.String.h">
      <Filter>Header Files</Filter>
    </ClInclude>
    <ClInclude Include="KTL.Iterators.NormalIterator.h">
      <Filter>Header Files</Filter>
    </ClInclude>
    <ClInclude Include="KTL.Memory.SmartPointerBase.h">
      <Filter>Header Files</Filter>
    </ClInclude>
    <ClInclude Include="KTL.Macro.h">
      <Filter>Header Files</Filter>
    </ClInclude>
    <ClInclude Include="KTL.Strings.Formator.h">
      <Filter>Header Files</Filter>
    </ClInclude>
    <ClInclude Include="KTL.Type.FloatPointer.h">
      <Filter>Header Files</Filter>
    </ClInclude>
    <ClInclude Include="KTL.Macro.Float.h">
      <Filter>Header Files</Filter>
    </ClInclude>
    <ClInclude Include="KTL.Multithreading.Singleton.h">
      <Filter>Header Files</Filter>
    </ClInclude>
    <ClInclude Include="KTL.Multithreading.NullLock.h">
      <Filter>Header Files</Filter>
    </ClInclude>
    <ClInclude Include="KTL.Multithreading.SpinLock.h">
      <Filter>Header Files</Filter>
    </ClInclude>
    <ClInclude Include="KTL.Multithreading.LockHelper.h">
      <Filter>Header Files</Filter>
    </ClInclude>
    <ClInclude Include="KTL.Multithreading.SpinLockShimsApi.h">
      <Filter>Header Files</Filter>
    </ClInclude>
    <ClInclude Include="KTL.Random.h">
      <Filter>Header Files</Filter>
    </ClInclude>
    <ClInclude Include="KTL.UUID.h">
      <Filter>Header Files</Filter>
    </ClInclude>
  </ItemGroup>
  <ItemGroup>
    <ClCompile Include="KTL.Memory.New.cpp">
      <Filter>Source Files</Filter>
    </ClCompile>
    <ClCompile Include="KTL.Type.Uitility.cpp">
      <Filter>Source Files</Filter>
    </ClCompile>
    <ClCompile Include="KTL.Memory.cpp">
      <Filter>Source Files</Filter>
    </ClCompile>
    <ClCompile Include="KTL.Memory.MemoryResource.cpp">
      <Filter>Header Files</Filter>
    </ClCompile>
    <ClCompile Include="KTL.Containers.ListNode.cpp">
      <Filter>Source Files</Filter>
    </ClCompile>
    <ClCompile Include="KTL.Multithreading.SpinLock.cpp">
      <Filter>Source Files</Filter>
    </ClCompile>
    <ClCompile Include="KTL.Multithreading.SpinLockShimsApi.cpp">
      <Filter>Source Files</Filter>
    </ClCompile>
    <ClCompile Include="KTL.UUID.cpp">
      <Filter>Source Files</Filter>
    </ClCompile>
  </ItemGroup>
</Project>