<?xml version="1.0" encoding="utf-8"?>
<Project ToolsVersion="4.0" xmlns="http://schemas.microsoft.com/developer/msbuild/2003">
  <ItemGroup>
    <ClCompile Include="stdafx.cpp">
      <Filter>Source Files</Filter>
    </ClCompile>
    <ClCompile Include="Vol.DateTime.cpp">
      <Filter>Source Files</Filter>
    </ClCompile>
    <ClCompile Include="Vol.Device.cpp">
      <Filter>Source Files</Filter>
    </ClCompile>
    <ClCompile Include="Vol.Memory.cpp">
      <Filter>Source Files</Filter>
    </ClCompile>
    <ClCompile Include="Vol.Module.cpp">
      <Filter>Source Files</Filter>
    </ClCompile>
    <ClCompile Include="Vol.Object.cpp">
      <Filter>Source Files</Filter>
    </ClCompile>
    <ClCompile Include="Vol.PE.cpp">
      <Filter>Source Files</Filter>
    </ClCompile>
    <ClCompile Include="Vol.System.cpp">
      <Filter>Source Files</Filter>
    </ClCompile>
    <ClCompile Include="Vol.ThreadPool.cpp">
      <Filter>Source Files</Filter>
    </ClCompile>
    <ClCompile Include="Vol.Security.SecurityDescriptor.cpp">
      <Filter>Source Files</Filter>
    </ClCompile>
    <ClCompile Include="Vol.Process.cpp">
      <Filter>Source Files</Filter>
    </ClCompile>
    <ClCompile Include="Vol.Paths.cpp">
      <Filter>Source Files</Filter>
    </ClCompile>
    <ClCompile Include="Vol.Symboliclinks.cpp">
      <Filter>Source Files</Filter>
    </ClCompile>
    <ClCompile Include="Vol.Thread.cpp">
      <Filter>Source Files</Filter>
    </ClCompile>
  </ItemGroup>
  <ItemGroup>
    <ClInclude Include="stdafx.h">
      <Filter>Header Files</Filter>
    </ClInclude>
    <ClInclude Include="Vol.DateTime.h">
      <Filter>Header Files</Filter>
    </ClInclude>
    <ClInclude Include="Vol.Device.h">
      <Filter>Header Files</Filter>
    </ClInclude>
    <ClInclude Include="Vol.Device.Macro.h">
      <Filter>Header Files</Filter>
    </ClInclude>
    <ClInclude Include="Vol.Memory.h">
      <Filter>Header Files</Filter>
    </ClInclude>
    <ClInclude Include="Vol.Module.h">
      <Filter>Header Files</Filter>
    </ClInclude>
    <ClInclude Include="Vol.Object.h">
      <Filter>Header Files</Filter>
    </ClInclude>
    <ClInclude Include="Vol.PE.h">
      <Filter>Header Files</Filter>
    </ClInclude>
    <ClInclude Include="Vol.System.h">
      <Filter>Header Files</Filter>
    </ClInclude>
    <ClInclude Include="Vol.ThreadPool.h">
      <Filter>Header Files</Filter>
    </ClInclude>
    <ClInclude Include="Vol.Security.SecurityDescriptor.h">
      <Filter>Header Files</Filter>
    </ClInclude>
    <ClInclude Include="Vol.Process.h">
      <Filter>Header Files</Filter>
    </ClInclude>
    <ClInclude Include="Vol.Paths.h">
      <Filter>Header Files</Filter>
    </ClInclude>
    <ClInclude Include="Vol.Symboliclinks.h">
      <Filter>Header Files</Filter>
    </ClInclude>
    <ClInclude Include="Vol.Thread.h">
      <Filter>Header Files</Filter>
    </ClInclude>
  </ItemGroup>
  <ItemGroup>
    <Filter Include="Header Files">
      <UniqueIdentifier>{f342d8b3-61c5-42b4-a298-64e25a88033f}</UniqueIdentifier>
    </Filter>
    <Filter Include="Source Files">
      <UniqueIdentifier>{9ed093e0-cc7a-4310-9933-c0571a3b3227}</UniqueIdentifier>
    </Filter>
  </ItemGroup>
</Project>